# @generated by Move, please check-in and do not edit manually.

[move]
version = 3
manifest_digest = "D98992B082760A2C913FC24F7DD292ACBAB2D551B2E570285764E8D7CE12DBEC"
deps_digest = "060AD7E57DFB13104F21BE5F5C3759D03F0553FC3229247D9A7A6B45F50D03A3"
dependencies = [
  { id = "Sui", name = "Sui" },
  { id = "TokenBridge", name = "TokenBridge" },
  { id = "Wormhole", name = "Wormhole" },
]

[[move.package]]
id = "MoveStdlib"
source = { git = "https://github.com/MystenLabs/sui.git", rev = "041c5f2bae2fe52079e44b70514333532d69f4e6", subdir = "crates/sui-framework/packages/move-stdlib" }

[[move.package]]
id = "Sui"
source = { git = "https://github.com/MystenLabs/sui.git", rev = "041c5f2bae2fe52079e44b70514333532d69f4e6", subdir = "crates/sui-framework/packages/sui-framework" }

dependencies = [
  { id = "MoveStdlib", name = "MoveStdlib" },
]

[[move.package]]
id = "TokenBridge"
source = { local = "../wormhole/sui/token_bridge" }

dependencies = [
  { id = "Sui", name = "Sui" },
  { id = "Wormhole", name = "Wormhole" },
]

[[move.package]]
id = "Wormhole"
source = { local = "../wormhole/sui/wormhole" }

dependencies = [
  { id = "Sui", name = "Sui" },
]

[move.toolchain-version]
compiler-version = "1.48.1"
edition = "2024.beta"
flavor = "sui"

[env]

[env.testnet]
chain-id = "4c78adac"
original-published-id = "0x3d78316ce8ee3fe48d7ff85cdc2d0df9d459f43d802d96f58f7b59984c2dd3ae"
latest-published-id = "0x3d78316ce8ee3fe48d7ff85cdc2d0df9d459f43d802d96f58f7b59984c2dd3ae"
published-version = "1"

[env.mainnet]
chain-id = "35834a8a"
original-published-id = "0x77045f1b9f811a7a8fb9ebd085b5b0c55c5cb0d1520ff55f7037f89b5da9f5f1"
latest-published-id = "0x77045f1b9f811a7a8fb9ebd085b5b0c55c5cb0d1520ff55f7037f89b5da9f5f1"
published-version = "1"
